
Microsoft Visual Studio Solution File, Format Version 12.00
# Visual Studio Version 17
VisualStudioVersion = 17.5.002.0
MinimumVisualStudioVersion = 10.0.40219.1
Project("{2150E333-8FDC-42A3-9474-1A3956D46DE8}") = "src", "src", "{34037DF7-DF62-405D-B0C1-AD3140EBE39D}"
EndProject
Project("{9A19103F-16F7-4668-BE54-9A1E7A4F7556}") = "Play.Catalog.Service", "src\Play.Catalog.Service\Play.Catalog.Service.csproj", "{1B07382D-801E-43B5-9566-E43DE0E01630}"
EndProject
Global
	GlobalSection(SolutionConfigurationPlatforms) = preSolution
		Debug|Any CPU = Debug|Any CPU
		Release|Any CPU = Release|Any CPU
	EndGlobalSection
	GlobalSection(ProjectConfigurationPlatforms) = postSolution
		{1B07382D-801E-43B5-9566-E43DE0E01630}.Debug|Any CPU.ActiveCfg = Debug|Any CPU
		{1B07382D-801E-43B5-9566-E43DE0E01630}.Debug|Any CPU.Build.0 = Debug|Any CPU
		{1B07382D-801E-43B5-9566-E43DE0E01630}.Release|Any CPU.ActiveCfg = Release|Any CPU
		{1B07382D-801E-43B5-9566-E43DE0E01630}.Release|Any CPU.Build.0 = Release|Any CPU
	EndGlobalSection
	GlobalSection(SolutionProperties) = preSolution
		HideSolutionNode = FALSE
	EndGlobalSection
	GlobalSection(NestedProjects) = preSolution
		{1B07382D-801E-43B5-9566-E43DE0E01630} = {34037DF7-DF62-405D-B0C1-AD3140EBE39D}
	EndGlobalSection
	GlobalSection(ExtensibilityGlobals) = postSolution
		SolutionGuid = {FFCDC34C-E8D6-4C67-BC17-99EEBD9C4040}
	EndGlobalSection
EndGlobal
